{
  "markbot": "04b1a83c6a64e78e239caf1a748ce10f09f1a338a5cb3ce8ac0fbd6ec7b2a450",
  "markbotignore": "030a4e6e1b3b6b510514a7ae54576e2c2ef762d56236c6414ef634955d96a126",
  "index-clicked-960.png": "6aee64f9db39ec4d5cee6d2c5dbbf7c8959ca3d46f72455fb75ae83a35ecd19a",
  "index-320.png": "6031963c5e9bec85e2128f543cd208bf77983390313a758b2ebd060f013ece40",
  "index-400.png": "90b88caefc3a127f829cd791a22a87dcdb96fccfd26a91c228158b39199eca25",
  "index-608.png": "c2a5803bddf811e13ce031a6bd7ed34083ca4d9a005b78c8b4e626d562bcd4a4",
  "index-960.png": "dd99734c79073085982838466762168e6bf47d05e48ed835e9b01fb46a1af4ed",
  "index-1440.png": "23829580978bcd56070223ecd307a819efd48a2d0fb8b078b892d6097a8df9e5"
}